
Microsoft Visual Studio Solution File, Format Version 12.00
# Visual Studio Version 16
VisualStudioVersion = 16.0.30621.155
MinimumVisualStudioVersion = 10.0.40219.1
Project("{FAE04EC0-301F-11D3-BF4B-00C04F79EFBC}") = "LTCSDL Console IT02", "LTCSDL Console IT02\LTCSDL Console IT02.csproj", "{19668F02-9A7F-4C9E-B600-46870331E745}"
EndProject
Global
	GlobalSection(SolutionConfigurationPlatforms) = preSolution
		Debug|Any CPU = Debug|Any CPU
		Release|Any CPU = Release|Any CPU
	EndGlobalSection
	GlobalSection(ProjectConfigurationPlatforms) = postSolution
		{19668F02-9A7F-4C9E-B600-46870331E745}.Debug|Any CPU.ActiveCfg = Debug|Any CPU
		{19668F02-9A7F-4C9E-B600-46870331E745}.Debug|Any CPU.Build.0 = Debug|Any CPU
		{19668F02-9A7F-4C9E-B600-46870331E745}.Release|Any CPU.ActiveCfg = Release|Any CPU
		{19668F02-9A7F-4C9E-B600-46870331E745}.Release|Any CPU.Build.0 = Release|Any CPU
	EndGlobalSection
	GlobalSection(SolutionProperties) = preSolution
		HideSolutionNode = FALSE
	EndGlobalSection
	GlobalSection(ExtensibilityGlobals) = postSolution
		SolutionGuid = {50122D6A-A716-46B2-9475-7647F06CFC36}
	EndGlobalSection
EndGlobal
